
Microsoft Visual Studio Solution File, Format Version 12.00
# Visual Studio Version 17
VisualStudioVersion = 17.1.32228.430
MinimumVisualStudioVersion = 10.0.40219.1
Project("{9A19103F-16F7-4668-BE54-9A1E7A4F7556}") = "MultipleORM.Dal", "MultipleORM.Dal\MultipleORM.Dal.csproj", "{DF12485F-57D0-4C64-8D58-4AFF7DB7D0A5}"
EndProject
Project("{9A19103F-16F7-4668-BE54-9A1E7A4F7556}") = "MultipleORM.Dal.Interfaces", "MultipleORM.Dal.Interfaces\MultipleORM.Dal.Interfaces.csproj", "{AA7D5CD9-F27A-4035-BF6D-4C3C5600BFD7}"
EndProject
Project("{9A19103F-16F7-4668-BE54-9A1E7A4F7556}") = "MultipleORM.Bll", "MultipleORM.Bll\MultipleORM.Bll.csproj", "{75139A2A-402E-4891-8376-39D3A907E731}"
EndProject
Project("{9A19103F-16F7-4668-BE54-9A1E7A4F7556}") = "MultipleORM.Bll.Interfaces", "MultipleORM.Bll.Interfaces\MultipleORM.Bll.Interfaces.csproj", "{B5AFCA30-5645-4709-9260-9602CB6DEA1B}"
EndProject
Project("{FAE04EC0-301F-11D3-BF4B-00C04F79EFBC}") = "MultipleORM.WebApi", "MultipleORM.WebApi\MultipleORM.WebApi.csproj", "{92EE99C9-1E1F-4BF8-8C10-3B44BE2214E4}"
EndProject
Global
	GlobalSection(SolutionConfigurationPlatforms) = preSolution
		Debug|Any CPU = Debug|Any CPU
		Release|Any CPU = Release|Any CPU
	EndGlobalSection
	GlobalSection(ProjectConfigurationPlatforms) = postSolution
		{DF12485F-57D0-4C64-8D58-4AFF7DB7D0A5}.Debug|Any CPU.ActiveCfg = Debug|Any CPU
		{DF12485F-57D0-4C64-8D58-4AFF7DB7D0A5}.Debug|Any CPU.Build.0 = Debug|Any CPU
		{DF12485F-57D0-4C64-8D58-4AFF7DB7D0A5}.Release|Any CPU.ActiveCfg = Release|Any CPU
		{DF12485F-57D0-4C64-8D58-4AFF7DB7D0A5}.Release|Any CPU.Build.0 = Release|Any CPU
		{AA7D5CD9-F27A-4035-BF6D-4C3C5600BFD7}.Debug|Any CPU.ActiveCfg = Debug|Any CPU
		{AA7D5CD9-F27A-4035-BF6D-4C3C5600BFD7}.Debug|Any CPU.Build.0 = Debug|Any CPU
		{AA7D5CD9-F27A-4035-BF6D-4C3C5600BFD7}.Release|Any CPU.ActiveCfg = Release|Any CPU
		{AA7D5CD9-F27A-4035-BF6D-4C3C5600BFD7}.Release|Any CPU.Build.0 = Release|Any CPU
		{75139A2A-402E-4891-8376-39D3A907E731}.Debug|Any CPU.ActiveCfg = Debug|Any CPU
		{75139A2A-402E-4891-8376-39D3A907E731}.Debug|Any CPU.Build.0 = Debug|Any CPU
		{75139A2A-402E-4891-8376-39D3A907E731}.Release|Any CPU.ActiveCfg = Release|Any CPU
		{75139A2A-402E-4891-8376-39D3A907E731}.Release|Any CPU.Build.0 = Release|Any CPU
		{B5AFCA30-5645-4709-9260-9602CB6DEA1B}.Debug|Any CPU.ActiveCfg = Debug|Any CPU
		{B5AFCA30-5645-4709-9260-9602CB6DEA1B}.Debug|Any CPU.Build.0 = Debug|Any CPU
		{B5AFCA30-5645-4709-9260-9602CB6DEA1B}.Release|Any CPU.ActiveCfg = Release|Any CPU
		{B5AFCA30-5645-4709-9260-9602CB6DEA1B}.Release|Any CPU.Build.0 = Release|Any CPU
		{92EE99C9-1E1F-4BF8-8C10-3B44BE2214E4}.Debug|Any CPU.ActiveCfg = Debug|Any CPU
		{92EE99C9-1E1F-4BF8-8C10-3B44BE2214E4}.Debug|Any CPU.Build.0 = Debug|Any CPU
		{92EE99C9-1E1F-4BF8-8C10-3B44BE2214E4}.Release|Any CPU.ActiveCfg = Release|Any CPU
		{92EE99C9-1E1F-4BF8-8C10-3B44BE2214E4}.Release|Any CPU.Build.0 = Release|Any CPU
	EndGlobalSection
	GlobalSection(SolutionProperties) = preSolution
		HideSolutionNode = FALSE
	EndGlobalSection
	GlobalSection(ExtensibilityGlobals) = postSolution
		SolutionGuid = {23314CE3-CFF7-4F51-BC85-2E848D38C45C}
	EndGlobalSection
EndGlobal
